
Microsoft Visual Studio Solution File, Format Version 12.00
# Visual Studio Version 16
VisualStudioVersion = 16.0.31424.327
MinimumVisualStudioVersion = 10.0.40219.1
Project("{FAE04EC0-301F-11D3-BF4B-00C04F79EFBC}") = "nti zadacha", "nti zadacha\nti zadacha.csproj", "{3974BF06-816B-486F-8052-19B66F370A90}"
EndProject
Global
	GlobalSection(SolutionConfigurationPlatforms) = preSolution
		Debug|Any CPU = Debug|Any CPU
		Release|Any CPU = Release|Any CPU
	EndGlobalSection
	GlobalSection(ProjectConfigurationPlatforms) = postSolution
		{3974BF06-816B-486F-8052-19B66F370A90}.Debug|Any CPU.ActiveCfg = Debug|Any CPU
		{3974BF06-816B-486F-8052-19B66F370A90}.Debug|Any CPU.Build.0 = Debug|Any CPU
		{3974BF06-816B-486F-8052-19B66F370A90}.Release|Any CPU.ActiveCfg = Release|Any CPU
		{3974BF06-816B-486F-8052-19B66F370A90}.Release|Any CPU.Build.0 = Release|Any CPU
	EndGlobalSection
	GlobalSection(SolutionProperties) = preSolution
		HideSolutionNode = FALSE
	EndGlobalSection
	GlobalSection(ExtensibilityGlobals) = postSolution
		SolutionGuid = {D9346107-5937-4907-B599-291C7D75EADA}
	EndGlobalSection
EndGlobal
